// !$*UTF8*$!
{
	archiveVersion = 1;
	classes = {
	};
	objectVersion = 46;
	objects = {

/* Begin PBXBuildFile section */
		627A87C7171E2B9200E51ADB /* CFNetwork.framework in Frameworks */ = {isa = PBXBuildFile; fileRef = 627A87C6171E2B9200E51ADB /* CFNetwork.framework */; };
		627A87CA171E2B9A00E51ADB /* SystemConfiguration.framework in Frameworks */ = {isa = PBXBuildFile; fileRef = 627A87C9171E2B9A00E51ADB /* SystemConfiguration.framework */; };
		627A87CC171E2BA700E51ADB /* Security.framework in Frameworks */ = {isa = PBXBuildFile; fileRef = 627A87CB171E2BA700E51ADB /* Security.framework */; };
		627A87E5171E2C8800E51ADB /* NSAlert+MKNetworkKitAdditions.m in Sources */ = {isa = PBXBuildFile; fileRef = 627A87D0171E2C8800E51ADB /* NSAlert+MKNetworkKitAdditions.m */; };
		627A87E6171E2C8800E51ADB /* NSData+MKBase64.m in Sources */ = {isa = PBXBuildFile; fileRef = 627A87D2171E2C8800E51ADB /* NSData+MKBase64.m */; };
		627A87E7171E2C8800E51ADB /* NSDate+RFC1123.m in Sources */ = {isa = PBXBuildFile; fileRef = 627A87D4171E2C8800E51ADB /* NSDate+RFC1123.m */; };
		627A87E8171E2C8800E51ADB /* NSDictionary+RequestEncoding.m in Sources */ = {isa = PBXBuildFile; fileRef = 627A87D6171E2C8800E51ADB /* NSDictionary+RequestEncoding.m */; };
		627A87E9171E2C8800E51ADB /* NSString+MKNetworkKitAdditions.m in Sources */ = {isa = PBXBuildFile; fileRef = 627A87D8171E2C8800E51ADB /* NSString+MKNetworkKitAdditions.m */; };
		627A87EA171E2C8800E51ADB /* UIAlertView+MKNetworkKitAdditions.m in Sources */ = {isa = PBXBuildFile; fileRef = 627A87DA171E2C8800E51ADB /* UIAlertView+MKNetworkKitAdditions.m */; };
		627A87EB171E2C8800E51ADB /* UIImageView+MKNetworkKitAdditions.m in Sources */ = {isa = PBXBuildFile; fileRef = 627A87DC171E2C8800E51ADB /* UIImageView+MKNetworkKitAdditions.m */; };
		627A87EC171E2C8800E51ADB /* MKNetworkEngine.m in Sources */ = {isa = PBXBuildFile; fileRef = 627A87DE171E2C8800E51ADB /* MKNetworkEngine.m */; };
		627A87ED171E2C8800E51ADB /* MKNetworkOperation.m in Sources */ = {isa = PBXBuildFile; fileRef = 627A87E1171E2C8800E51ADB /* MKNetworkOperation.m */; };
		627A87EE171E2C8800E51ADB /* Reachability.m in Sources */ = {isa = PBXBuildFile; fileRef = 627A87E4171E2C8800E51ADB /* Reachability.m */; };
		628CD547171DA3CE007918E9 /* UIKit.framework in Frameworks */ = {isa = PBXBuildFile; fileRef = 628CD546171DA3CE007918E9 /* UIKit.framework */; };
		628CD549171DA3CE007918E9 /* Foundation.framework in Frameworks */ = {isa = PBXBuildFile; fileRef = 628CD548171DA3CE007918E9 /* Foundation.framework */; };
		628CD54B171DA3CE007918E9 /* CoreGraphics.framework in Frameworks */ = {isa = PBXBuildFile; fileRef = 628CD54A171DA3CE007918E9 /* CoreGraphics.framework */; };
		628CD551171DA3CE007918E9 /* InfoPlist.strings in Resources */ = {isa = PBXBuildFile; fileRef = 628CD54F171DA3CE007918E9 /* InfoPlist.strings */; };
		628CD553171DA3CE007918E9 /* main.m in Sources */ = {isa = PBXBuildFile; fileRef = 628CD552171DA3CE007918E9 /* main.m */; };
		628CD557171DA3CE007918E9 /* PPAppDelegate.m in Sources */ = {isa = PBXBuildFile; fileRef = 628CD556171DA3CE007918E9 /* PPAppDelegate.m */; };
		628CD559171DA3CE007918E9 /* Default.png in Resources */ = {isa = PBXBuildFile; fileRef = 628CD558171DA3CE007918E9 /* Default.png */; };
		628CD55B171DA3CE007918E9 /* Default@2x.png in Resources */ = {isa = PBXBuildFile; fileRef = 628CD55A171DA3CE007918E9 /* Default@2x.png */; };
		628CD55D171DA3CE007918E9 /* Default-568h@2x.png in Resources */ = {isa = PBXBuildFile; fileRef = 628CD55C171DA3CE007918E9 /* Default-568h@2x.png */; };
		628CD560171DA3CE007918E9 /* MainStoryboard.storyboard in Resources */ = {isa = PBXBuildFile; fileRef = 628CD55E171DA3CE007918E9 /* MainStoryboard.storyboard */; };
		628CD563171DA3CE007918E9 /* PPViewController.m in Sources */ = {isa = PBXBuildFile; fileRef = 628CD562171DA3CE007918E9 /* PPViewController.m */; };
		62AAA17A171E44D30068459C /* PPMKNetworkEngineClient.m in Sources */ = {isa = PBXBuildFile; fileRef = 62AAA179171E44D30068459C /* PPMKNetworkEngineClient.m */; };
		62AAA17E171E453D0068459C /* PPFlickrPhotoInfo.m in Sources */ = {isa = PBXBuildFile; fileRef = 62AAA17D171E453D0068459C /* PPFlickrPhotoInfo.m */; };
		62AAA181171E465B0068459C /* PPFlickInterface.m in Sources */ = {isa = PBXBuildFile; fileRef = 62AAA180171E465B0068459C /* PPFlickInterface.m */; };
/* End PBXBuildFile section */

/* Begin PBXFileReference section */
		627A87C6171E2B9200E51ADB /* CFNetwork.framework */ = {isa = PBXFileReference; lastKnownFileType = wrapper.framework; name = CFNetwork.framework; path = System/Library/Frameworks/CFNetwork.framework; sourceTree = SDKROOT; };
		627A87C9171E2B9A00E51ADB /* SystemConfiguration.framework */ = {isa = PBXFileReference; lastKnownFileType = wrapper.framework; name = SystemConfiguration.framework; path = System/Library/Frameworks/SystemConfiguration.framework; sourceTree = SDKROOT; };
		627A87CB171E2BA700E51ADB /* Security.framework */ = {isa = PBXFileReference; lastKnownFileType = wrapper.framework; name = Security.framework; path = System/Library/Frameworks/Security.framework; sourceTree = SDKROOT; };
		627A87D0171E2C8800E51ADB /* NSAlert+MKNetworkKitAdditions.m */ = {isa = PBXFileReference; fileEncoding = 4; lastKnownFileType = sourcecode.c.objc; path = "NSAlert+MKNetworkKitAdditions.m"; sourceTree = "<group>"; };
		627A87D1171E2C8800E51ADB /* NSData+MKBase64.h */ = {isa = PBXFileReference; fileEncoding = 4; lastKnownFileType = sourcecode.c.h; path = "NSData+MKBase64.h"; sourceTree = "<group>"; };
		627A87D2171E2C8800E51ADB /* NSData+MKBase64.m */ = {isa = PBXFileReference; fileEncoding = 4; lastKnownFileType = sourcecode.c.objc; path = "NSData+MKBase64.m"; sourceTree = "<group>"; };
		627A87D3171E2C8800E51ADB /* NSDate+RFC1123.h */ = {isa = PBXFileReference; fileEncoding = 4; lastKnownFileType = sourcecode.c.h; path = "NSDate+RFC1123.h"; sourceTree = "<group>"; };
		627A87D4171E2C8800E51ADB /* NSDate+RFC1123.m */ = {isa = PBXFileReference; fileEncoding = 4; lastKnownFileType = sourcecode.c.objc; path = "NSDate+RFC1123.m"; sourceTree = "<group>"; };
		627A87D5171E2C8800E51ADB /* NSDictionary+RequestEncoding.h */ = {isa = PBXFileReference; fileEncoding = 4; lastKnownFileType = sourcecode.c.h; path = "NSDictionary+RequestEncoding.h"; sourceTree = "<group>"; };
		627A87D6171E2C8800E51ADB /* NSDictionary+RequestEncoding.m */ = {isa = PBXFileReference; fileEncoding = 4; lastKnownFileType = sourcecode.c.objc; path = "NSDictionary+RequestEncoding.m"; sourceTree = "<group>"; };
		627A87D7171E2C8800E51ADB /* NSString+MKNetworkKitAdditions.h */ = {isa = PBXFileReference; fileEncoding = 4; lastKnownFileType = sourcecode.c.h; path = "NSString+MKNetworkKitAdditions.h"; sourceTree = "<group>"; };
		627A87D8171E2C8800E51ADB /* NSString+MKNetworkKitAdditions.m */ = {isa = PBXFileReference; fileEncoding = 4; lastKnownFileType = sourcecode.c.objc; path = "NSString+MKNetworkKitAdditions.m"; sourceTree = "<group>"; };
		627A87D9171E2C8800E51ADB /* UIAlertView+MKNetworkKitAdditions.h */ = {isa = PBXFileReference; fileEncoding = 4; lastKnownFileType = sourcecode.c.h; path = "UIAlertView+MKNetworkKitAdditions.h"; sourceTree = "<group>"; };
		627A87DA171E2C8800E51ADB /* UIAlertView+MKNetworkKitAdditions.m */ = {isa = PBXFileReference; fileEncoding = 4; lastKnownFileType = sourcecode.c.objc; path = "UIAlertView+MKNetworkKitAdditions.m"; sourceTree = "<group>"; };
		627A87DB171E2C8800E51ADB /* UIImageView+MKNetworkKitAdditions.h */ = {isa = PBXFileReference; fileEncoding = 4; lastKnownFileType = sourcecode.c.h; path = "UIImageView+MKNetworkKitAdditions.h"; sourceTree = "<group>"; };
		627A87DC171E2C8800E51ADB /* UIImageView+MKNetworkKitAdditions.m */ = {isa = PBXFileReference; fileEncoding = 4; lastKnownFileType = sourcecode.c.objc; path = "UIImageView+MKNetworkKitAdditions.m"; sourceTree = "<group>"; };
		627A87DD171E2C8800E51ADB /* MKNetworkEngine.h */ = {isa = PBXFileReference; fileEncoding = 4; lastKnownFileType = sourcecode.c.h; path = MKNetworkEngine.h; sourceTree = "<group>"; };
		627A87DE171E2C8800E51ADB /* MKNetworkEngine.m */ = {isa = PBXFileReference; fileEncoding = 4; lastKnownFileType = sourcecode.c.objc; path = MKNetworkEngine.m; sourceTree = "<group>"; };
		627A87DF171E2C8800E51ADB /* MKNetworkKit.h */ = {isa = PBXFileReference; fileEncoding = 4; lastKnownFileType = sourcecode.c.h; path = MKNetworkKit.h; sourceTree = "<group>"; };
		627A87E0171E2C8800E51ADB /* MKNetworkOperation.h */ = {isa = PBXFileReference; fileEncoding = 4; lastKnownFileType = sourcecode.c.h; path = MKNetworkOperation.h; sourceTree = "<group>"; };
		627A87E1171E2C8800E51ADB /* MKNetworkOperation.m */ = {isa = PBXFileReference; fileEncoding = 4; lastKnownFileType = sourcecode.c.objc; path = MKNetworkOperation.m; sourceTree = "<group>"; };
		627A87E3171E2C8800E51ADB /* Reachability.h */ = {isa = PBXFileReference; fileEncoding = 4; lastKnownFileType = sourcecode.c.h; path = Reachability.h; sourceTree = "<group>"; };
		627A87E4171E2C8800E51ADB /* Reachability.m */ = {isa = PBXFileReference; fileEncoding = 4; lastKnownFileType = sourcecode.c.objc; path = Reachability.m; sourceTree = "<group>"; };
		627A87EF171E2D1C00E51ADB /* NSAlert+MKNetworkKitAdditions.h */ = {isa = PBXFileReference; fileEncoding = 4; lastKnownFileType = sourcecode.c.h; path = "NSAlert+MKNetworkKitAdditions.h"; sourceTree = "<group>"; };
		628CD542171DA3CE007918E9 /* PhotoProj.app */ = {isa = PBXFileReference; explicitFileType = wrapper.application; includeInIndex = 0; path = PhotoProj.app; sourceTree = BUILT_PRODUCTS_DIR; };
		628CD546171DA3CE007918E9 /* UIKit.framework */ = {isa = PBXFileReference; lastKnownFileType = wrapper.framework; name = UIKit.framework; path = System/Library/Frameworks/UIKit.framework; sourceTree = SDKROOT; };
		628CD548171DA3CE007918E9 /* Foundation.framework */ = {isa = PBXFileReference; lastKnownFileType = wrapper.framework; name = Foundation.framework; path = System/Library/Frameworks/Foundation.framework; sourceTree = SDKROOT; };
		628CD54A171DA3CE007918E9 /* CoreGraphics.framework */ = {isa = PBXFileReference; lastKnownFileType = wrapper.framework; name = CoreGraphics.framework; path = System/Library/Frameworks/CoreGraphics.framework; sourceTree = SDKROOT; };
		628CD54E171DA3CE007918E9 /* PhotoProj-Info.plist */ = {isa = PBXFileReference; lastKnownFileType = text.plist.xml; path = "PhotoProj-Info.plist"; sourceTree = "<group>"; };
		628CD550171DA3CE007918E9 /* en */ = {isa = PBXFileReference; lastKnownFileType = text.plist.strings; name = en; path = en.lproj/InfoPlist.strings; sourceTree = "<group>"; };
		628CD552171DA3CE007918E9 /* main.m */ = {isa = PBXFileReference; lastKnownFileType = sourcecode.c.objc; path = main.m; sourceTree = "<group>"; };
		628CD554171DA3CE007918E9 /* PhotoProj-Prefix.pch */ = {isa = PBXFileReference; lastKnownFileType = sourcecode.c.h; path = "PhotoProj-Prefix.pch"; sourceTree = "<group>"; };
		628CD555171DA3CE007918E9 /* PPAppDelegate.h */ = {isa = PBXFileReference; lastKnownFileType = sourcecode.c.h; path = PPAppDelegate.h; sourceTree = "<group>"; };
		628CD556171DA3CE007918E9 /* PPAppDelegate.m */ = {isa = PBXFileReference; lastKnownFileType = sourcecode.c.objc; path = PPAppDelegate.m; sourceTree = "<group>"; };
		628CD558171DA3CE007918E9 /* Default.png */ = {isa = PBXFileReference; lastKnownFileType = image.png; path = Default.png; sourceTree = "<group>"; };
		628CD55A171DA3CE007918E9 /* Default@2x.png */ = {isa = PBXFileReference; lastKnownFileType = image.png; path = "Default@2x.png"; sourceTree = "<group>"; };
		628CD55C171DA3CE007918E9 /* Default-568h@2x.png */ = {isa = PBXFileReference; lastKnownFileType = image.png; path = "Default-568h@2x.png"; sourceTree = "<group>"; };
		628CD55F171DA3CE007918E9 /* en */ = {isa = PBXFileReference; lastKnownFileType = file.storyboard; name = en; path = en.lproj/MainStoryboard.storyboard; sourceTree = "<group>"; };
		628CD561171DA3CE007918E9 /* PPViewController.h */ = {isa = PBXFileReference; lastKnownFileType = sourcecode.c.h; path = PPViewController.h; sourceTree = "<group>"; };
		628CD562171DA3CE007918E9 /* PPViewController.m */ = {isa = PBXFileReference; lastKnownFileType = sourcecode.c.objc; path = PPViewController.m; sourceTree = "<group>"; };
		62AAA178171E44D30068459C /* PPMKNetworkEngineClient.h */ = {isa = PBXFileReference; fileEncoding = 4; lastKnownFileType = sourcecode.c.h; path = PPMKNetworkEngineClient.h; sourceTree = "<group>"; };
		62AAA179171E44D30068459C /* PPMKNetworkEngineClient.m */ = {isa = PBXFileReference; fileEncoding = 4; lastKnownFileType = sourcecode.c.objc; path = PPMKNetworkEngineClient.m; sourceTree = "<group>"; };
		62AAA17C171E453D0068459C /* PPFlickrPhotoInfo.h */ = {isa = PBXFileReference; fileEncoding = 4; lastKnownFileType = sourcecode.c.h; path = PPFlickrPhotoInfo.h; sourceTree = "<group>"; };
		62AAA17D171E453D0068459C /* PPFlickrPhotoInfo.m */ = {isa = PBXFileReference; fileEncoding = 4; lastKnownFileType = sourcecode.c.objc; path = PPFlickrPhotoInfo.m; sourceTree = "<group>"; };
		62AAA17F171E465B0068459C /* PPFlickInterface.h */ = {isa = PBXFileReference; fileEncoding = 4; lastKnownFileType = sourcecode.c.h; path = PPFlickInterface.h; sourceTree = "<group>"; };
		62AAA180171E465B0068459C /* PPFlickInterface.m */ = {isa = PBXFileReference; fileEncoding = 4; lastKnownFileType = sourcecode.c.objc; path = PPFlickInterface.m; sourceTree = "<group>"; };
/* End PBXFileReference section */

/* Begin PBXFrameworksBuildPhase section */
		628CD53F171DA3CE007918E9 /* Frameworks */ = {
			isa = PBXFrameworksBuildPhase;
			buildActionMask = 2147483647;
			files = (
				627A87CC171E2BA700E51ADB /* Security.framework in Frameworks */,
				627A87CA171E2B9A00E51ADB /* SystemConfiguration.framework in Frameworks */,
				627A87C7171E2B9200E51ADB /* CFNetwork.framework in Frameworks */,
				628CD547171DA3CE007918E9 /* UIKit.framework in Frameworks */,
				628CD549171DA3CE007918E9 /* Foundation.framework in Frameworks */,
				628CD54B171DA3CE007918E9 /* CoreGraphics.framework in Frameworks */,
			);
			runOnlyForDeploymentPostprocessing = 0;
		};
/* End PBXFrameworksBuildPhase section */

/* Begin PBXGroup section */
		627A87CD171E2C8800E51ADB /* MKNetworkKit */ = {
			isa = PBXGroup;
			children = (
				627A87CE171E2C8800E51ADB /* Categories */,
				627A87DD171E2C8800E51ADB /* MKNetworkEngine.h */,
				627A87DE171E2C8800E51ADB /* MKNetworkEngine.m */,
				627A87DF171E2C8800E51ADB /* MKNetworkKit.h */,
				627A87E0171E2C8800E51ADB /* MKNetworkOperation.h */,
				627A87E1171E2C8800E51ADB /* MKNetworkOperation.m */,
				627A87E2171E2C8800E51ADB /* Reachability */,
			);
			path = MKNetworkKit;
			sourceTree = "<group>";
		};
		627A87CE171E2C8800E51ADB /* Categories */ = {
			isa = PBXGroup;
			children = (
				627A87EF171E2D1C00E51ADB /* NSAlert+MKNetworkKitAdditions.h */,
				627A87D0171E2C8800E51ADB /* NSAlert+MKNetworkKitAdditions.m */,
				627A87D1171E2C8800E51ADB /* NSData+MKBase64.h */,
				627A87D2171E2C8800E51ADB /* NSData+MKBase64.m */,
				627A87D3171E2C8800E51ADB /* NSDate+RFC1123.h */,
				627A87D4171E2C8800E51ADB /* NSDate+RFC1123.m */,
				627A87D5171E2C8800E51ADB /* NSDictionary+RequestEncoding.h */,
				627A87D6171E2C8800E51ADB /* NSDictionary+RequestEncoding.m */,
				627A87D7171E2C8800E51ADB /* NSString+MKNetworkKitAdditions.h */,
				627A87D8171E2C8800E51ADB /* NSString+MKNetworkKitAdditions.m */,
				627A87D9171E2C8800E51ADB /* UIAlertView+MKNetworkKitAdditions.h */,
				627A87DA171E2C8800E51ADB /* UIAlertView+MKNetworkKitAdditions.m */,
				627A87DB171E2C8800E51ADB /* UIImageView+MKNetworkKitAdditions.h */,
				627A87DC171E2C8800E51ADB /* UIImageView+MKNetworkKitAdditions.m */,
			);
			path = Categories;
			sourceTree = "<group>";
		};
		627A87E2171E2C8800E51ADB /* Reachability */ = {
			isa = PBXGroup;
			children = (
				627A87E3171E2C8800E51ADB /* Reachability.h */,
				627A87E4171E2C8800E51ADB /* Reachability.m */,
			);
			path = Reachability;
			sourceTree = "<group>";
		};
		627A87F0171E30E000E51ADB /* Utils */ = {
			isa = PBXGroup;
			children = (
			);
			name = Utils;
			sourceTree = "<group>";
		};
		628CD537171DA3CE007918E9 = {
			isa = PBXGroup;
			children = (
				628CD54C171DA3CE007918E9 /* PhotoProj */,
				628CD545171DA3CE007918E9 /* Frameworks */,
				628CD543171DA3CE007918E9 /* Products */,
			);
			sourceTree = "<group>";
		};
		628CD543171DA3CE007918E9 /* Products */ = {
			isa = PBXGroup;
			children = (
				628CD542171DA3CE007918E9 /* PhotoProj.app */,
			);
			name = Products;
			sourceTree = "<group>";
		};
		628CD545171DA3CE007918E9 /* Frameworks */ = {
			isa = PBXGroup;
			children = (
				627A87CB171E2BA700E51ADB /* Security.framework */,
				627A87C9171E2B9A00E51ADB /* SystemConfiguration.framework */,
				627A87C6171E2B9200E51ADB /* CFNetwork.framework */,
				628CD546171DA3CE007918E9 /* UIKit.framework */,
				628CD548171DA3CE007918E9 /* Foundation.framework */,
				628CD54A171DA3CE007918E9 /* CoreGraphics.framework */,
			);
			name = Frameworks;
			sourceTree = "<group>";
		};
		628CD54C171DA3CE007918E9 /* PhotoProj */ = {
			isa = PBXGroup;
			children = (
				628CD569171DA4A9007918E9 /* ThirdParty */,
				627A87F0171E30E000E51ADB /* Utils */,
				62AAA175171E44960068459C /* core */,
				628CD555171DA3CE007918E9 /* PPAppDelegate.h */,
				628CD556171DA3CE007918E9 /* PPAppDelegate.m */,
				628CD55E171DA3CE007918E9 /* MainStoryboard.storyboard */,
				628CD561171DA3CE007918E9 /* PPViewController.h */,
				628CD562171DA3CE007918E9 /* PPViewController.m */,
				628CD54D171DA3CE007918E9 /* Supporting Files */,
			);
			path = PhotoProj;
			sourceTree = "<group>";
		};
		628CD54D171DA3CE007918E9 /* Supporting Files */ = {
			isa = PBXGroup;
			children = (
				628CD54E171DA3CE007918E9 /* PhotoProj-Info.plist */,
				628CD54F171DA3CE007918E9 /* InfoPlist.strings */,
				628CD552171DA3CE007918E9 /* main.m */,
				628CD554171DA3CE007918E9 /* PhotoProj-Prefix.pch */,
				628CD558171DA3CE007918E9 /* Default.png */,
				628CD55A171DA3CE007918E9 /* Default@2x.png */,
				628CD55C171DA3CE007918E9 /* Default-568h@2x.png */,
			);
			name = "Supporting Files";
			sourceTree = "<group>";
		};
		628CD569171DA4A9007918E9 /* ThirdParty */ = {
			isa = PBXGroup;
			children = (
				627A87CD171E2C8800E51ADB /* MKNetworkKit */,
			);
			name = ThirdParty;
			sourceTree = "<group>";
		};
		62AAA175171E44960068459C /* core */ = {
			isa = PBXGroup;
			children = (
				62AAA17B171E45070068459C /* flickr */,
				62AAA177171E44AB0068459C /* network */,
			);
			name = core;
			sourceTree = "<group>";
		};
		62AAA177171E44AB0068459C /* network */ = {
			isa = PBXGroup;
			children = (
				62AAA178171E44D30068459C /* PPMKNetworkEngineClient.h */,
				62AAA179171E44D30068459C /* PPMKNetworkEngineClient.m */,
			);
			name = network;
			sourceTree = "<group>";
		};
		62AAA17B171E45070068459C /* flickr */ = {
			isa = PBXGroup;
			children = (
				62AAA17C171E453D0068459C /* PPFlickrPhotoInfo.h */,
				62AAA17D171E453D0068459C /* PPFlickrPhotoInfo.m */,
				62AAA17F171E465B0068459C /* PPFlickInterface.h */,
				62AAA180171E465B0068459C /* PPFlickInterface.m */,
			);
			name = flickr;
			sourceTree = "<group>";
		};
/* End PBXGroup section */

/* Begin PBXNativeTarget section */
		628CD541171DA3CE007918E9 /* PhotoProj */ = {
			isa = PBXNativeTarget;
			buildConfigurationList = 628CD566171DA3CE007918E9 /* Build configuration list for PBXNativeTarget "PhotoProj" */;
			buildPhases = (
				628CD53E171DA3CE007918E9 /* Sources */,
				628CD53F171DA3CE007918E9 /* Frameworks */,
				628CD540171DA3CE007918E9 /* Resources */,
			);
			buildRules = (
			);
			dependencies = (
			);
			name = PhotoProj;
			productName = PhotoProj;
			productReference = 628CD542171DA3CE007918E9 /* PhotoProj.app */;
			productType = "com.apple.product-type.application";
		};
/* End PBXNativeTarget section */

/* Begin PBXProject section */
		628CD539171DA3CE007918E9 /* Project object */ = {
			isa = PBXProject;
			attributes = {
				CLASSPREFIX = PP;
				LastUpgradeCheck = 0450;
				ORGANIZATIONNAME = Kingiol;
			};
			buildConfigurationList = 628CD53C171DA3CE007918E9 /* Build configuration list for PBXProject "PhotoProj" */;
			compatibilityVersion = "Xcode 3.2";
			developmentRegion = English;
			hasScannedForEncodings = 0;
			knownRegions = (
				en,
			);
			mainGroup = 628CD537171DA3CE007918E9;
			productRefGroup = 628CD543171DA3CE007918E9 /* Products */;
			projectDirPath = "";
			projectRoot = "";
			targets = (
				628CD541171DA3CE007918E9 /* PhotoProj */,
			);
		};
/* End PBXProject section */

/* Begin PBXResourcesBuildPhase section */
		628CD540171DA3CE007918E9 /* Resources */ = {
			isa = PBXResourcesBuildPhase;
			buildActionMask = 2147483647;
			files = (
				628CD551171DA3CE007918E9 /* InfoPlist.strings in Resources */,
				628CD559171DA3CE007918E9 /* Default.png in Resources */,
				628CD55B171DA3CE007918E9 /* Default@2x.png in Resources */,
				628CD55D171DA3CE007918E9 /* Default-568h@2x.png in Resources */,
				628CD560171DA3CE007918E9 /* MainStoryboard.storyboard in Resources */,
			);
			runOnlyForDeploymentPostprocessing = 0;
		};
/* End PBXResourcesBuildPhase section */

/* Begin PBXSourcesBuildPhase section */
		628CD53E171DA3CE007918E9 /* Sources */ = {
			isa = PBXSourcesBuildPhase;
			buildActionMask = 2147483647;
			files = (
				628CD553171DA3CE007918E9 /* main.m in Sources */,
				628CD557171DA3CE007918E9 /* PPAppDelegate.m in Sources */,
				628CD563171DA3CE007918E9 /* PPViewController.m in Sources */,
				627A87E5171E2C8800E51ADB /* NSAlert+MKNetworkKitAdditions.m in Sources */,
				627A87E6171E2C8800E51ADB /* NSData+MKBase64.m in Sources */,
				627A87E7171E2C8800E51ADB /* NSDate+RFC1123.m in Sources */,
				627A87E8171E2C8800E51ADB /* NSDictionary+RequestEncoding.m in Sources */,
				627A87E9171E2C8800E51ADB /* NSString+MKNetworkKitAdditions.m in Sources */,
				627A87EA171E2C8800E51ADB /* UIAlertView+MKNetworkKitAdditions.m in Sources */,
				627A87EB171E2C8800E51ADB /* UIImageView+MKNetworkKitAdditions.m in Sources */,
				627A87EC171E2C8800E51ADB /* MKNetworkEngine.m in Sources */,
				627A87ED171E2C8800E51ADB /* MKNetworkOperation.m in Sources */,
				627A87EE171E2C8800E51ADB /* Reachability.m in Sources */,
				62AAA17A171E44D30068459C /* PPMKNetworkEngineClient.m in Sources */,
				62AAA17E171E453D0068459C /* PPFlickrPhotoInfo.m in Sources */,
				62AAA181171E465B0068459C /* PPFlickInterface.m in Sources */,
			);
			runOnlyForDeploymentPostprocessing = 0;
		};
/* End PBXSourcesBuildPhase section */

/* Begin PBXVariantGroup section */
		628CD54F171DA3CE007918E9 /* InfoPlist.strings */ = {
			isa = PBXVariantGroup;
			children = (
				628CD550171DA3CE007918E9 /* en */,
			);
			name = InfoPlist.strings;
			sourceTree = "<group>";
		};
		628CD55E171DA3CE007918E9 /* MainStoryboard.storyboard */ = {
			isa = PBXVariantGroup;
			children = (
				628CD55F171DA3CE007918E9 /* en */,
			);
			name = MainStoryboard.storyboard;
			sourceTree = "<group>";
		};
/* End PBXVariantGroup section */

/* Begin XCBuildConfiguration section */
		628CD564171DA3CE007918E9 /* Debug */ = {
			isa = XCBuildConfiguration;
			buildSettings = {
				ALWAYS_SEARCH_USER_PATHS = NO;
				CLANG_CXX_LANGUAGE_STANDARD = "gnu++0x";
				CLANG_CXX_LIBRARY = "libc++";
				CLANG_ENABLE_OBJC_ARC = YES;
				CLANG_WARN_EMPTY_BODY = YES;
				CLANG_WARN__DUPLICATE_METHOD_MATCH = YES;
				"CODE_SIGN_IDENTITY[sdk=iphoneos*]" = "iPhone Developer";
				COPY_PHASE_STRIP = NO;
				GCC_C_LANGUAGE_STANDARD = gnu99;
				GCC_DYNAMIC_NO_PIC = NO;
				GCC_OPTIMIZATION_LEVEL = 0;
				GCC_PREPROCESSOR_DEFINITIONS = (
					"DEBUG=1",
					"$(inherited)",
				);
				GCC_SYMBOLS_PRIVATE_EXTERN = NO;
				GCC_WARN_ABOUT_RETURN_TYPE = YES;
				GCC_WARN_UNINITIALIZED_AUTOS = YES;
				GCC_WARN_UNUSED_VARIABLE = YES;
				IPHONEOS_DEPLOYMENT_TARGET = 6.0;
				ONLY_ACTIVE_ARCH = YES;
				SDKROOT = iphoneos;
			};
			name = Debug;
		};
		628CD565171DA3CE007918E9 /* Release */ = {
			isa = XCBuildConfiguration;
			buildSettings = {
				ALWAYS_SEARCH_USER_PATHS = NO;
				CLANG_CXX_LANGUAGE_STANDARD = "gnu++0x";
				CLANG_CXX_LIBRARY = "libc++";
				CLANG_ENABLE_OBJC_ARC = YES;
				CLANG_WARN_EMPTY_BODY = YES;
				CLANG_WARN__DUPLICATE_METHOD_MATCH = YES;
				"CODE_SIGN_IDENTITY[sdk=iphoneos*]" = "iPhone Developer";
				COPY_PHASE_STRIP = YES;
				GCC_C_LANGUAGE_STANDARD = gnu99;
				GCC_WARN_ABOUT_RETURN_TYPE = YES;
				GCC_WARN_UNINITIALIZED_AUTOS = YES;
				GCC_WARN_UNUSED_VARIABLE = YES;
				IPHONEOS_DEPLOYMENT_TARGET = 6.0;
				OTHER_CFLAGS = "-DNS_BLOCK_ASSERTIONS=1";
				SDKROOT = iphoneos;
				VALIDATE_PRODUCT = YES;
			};
			name = Release;
		};
		628CD567171DA3CE007918E9 /* Debug */ = {
			isa = XCBuildConfiguration;
			buildSettings = {
				GCC_PRECOMPILE_PREFIX_HEADER = YES;
				GCC_PREFIX_HEADER = "PhotoProj/PhotoProj-Prefix.pch";
				INFOPLIST_FILE = "PhotoProj/PhotoProj-Info.plist";
				PRODUCT_NAME = "$(TARGET_NAME)";
				WRAPPER_EXTENSION = app;
			};
			name = Debug;
		};
		628CD568171DA3CE007918E9 /* Release */ = {
			isa = XCBuildConfiguration;
			buildSettings = {
				GCC_PRECOMPILE_PREFIX_HEADER = YES;
				GCC_PREFIX_HEADER = "PhotoProj/PhotoProj-Prefix.pch";
				INFOPLIST_FILE = "PhotoProj/PhotoProj-Info.plist";
				PRODUCT_NAME = "$(TARGET_NAME)";
				WRAPPER_EXTENSION = app;
			};
			name = Release;
		};
/* End XCBuildConfiguration section */

/* Begin XCConfigurationList section */
		628CD53C171DA3CE007918E9 /* Build configuration list for PBXProject "PhotoProj" */ = {
			isa = XCConfigurationList;
			buildConfigurations = (
				628CD564171DA3CE007918E9 /* Debug */,
				628CD565171DA3CE007918E9 /* Release */,
			);
			defaultConfigurationIsVisible = 0;
			defaultConfigurationName = Release;
		};
		628CD566171DA3CE007918E9 /* Build configuration list for PBXNativeTarget "PhotoProj" */ = {
			isa = XCConfigurationList;
			buildConfigurations = (
				628CD567171DA3CE007918E9 /* Debug */,
				628CD568171DA3CE007918E9 /* Release */,
			);
			defaultConfigurationIsVisible = 0;
			defaultConfigurationName = Release;
		};
/* End XCConfigurationList section */
	};
	rootObject = 628CD539171DA3CE007918E9 /* Project object */;
}
